
Microsoft Visual Studio Solution File, Format Version 12.00
# Visual Studio Version 17
VisualStudioVersion = 17.14.36310.24 d17.14
MinimumVisualStudioVersion = 10.0.40219.1
Project("{FAE04EC0-301F-11D3-BF4B-00C04F79EFBC}") = "01_MeuSiteEmMVC", "01_MeuSiteEmMVC.csproj", "{D022EA03-E991-4480-BBF7-F002631BCD87}"
EndProject
Global
	GlobalSection(SolutionConfigurationPlatforms) = preSolution
		Debug|Any CPU = Debug|Any CPU
		Release|Any CPU = Release|Any CPU
	EndGlobalSection
	GlobalSection(ProjectConfigurationPlatforms) = postSolution
		{D022EA03-E991-4480-BBF7-F002631BCD87}.Debug|Any CPU.ActiveCfg = Debug|Any CPU
		{D022EA03-E991-4480-BBF7-F002631BCD87}.Debug|Any CPU.Build.0 = Debug|Any CPU
		{D022EA03-E991-4480-BBF7-F002631BCD87}.Release|Any CPU.ActiveCfg = Release|Any CPU
		{D022EA03-E991-4480-BBF7-F002631BCD87}.Release|Any CPU.Build.0 = Release|Any CPU
	EndGlobalSection
	GlobalSection(SolutionProperties) = preSolution
		HideSolutionNode = FALSE
	EndGlobalSection
	GlobalSection(ExtensibilityGlobals) = postSolution
		SolutionGuid = {E63B2AA3-BACA-449B-9DE9-90D990C830D8}
	EndGlobalSection
EndGlobal
